// !$*UTF8*$!
{
	archiveVersion = 1;
	classes = {
	};
	objectVersion = 56;
	objects = {

/* Begin PBXBuildFile section */
		1F9A5A52DABE55339E988E12 /* Pods_Practical_Unlimit.framework in Frameworks */ = {isa = PBXBuildFile; fileRef = A8B54DD963E00713CE0F1C0D /* Pods_Practical_Unlimit.framework */; };
		E60BA1AD2AC7E6A2002335E4 /* Assets.xcassets in Resources */ = {isa = PBXBuildFile; fileRef = E60BA1A02AC7E6A2002335E4 /* Assets.xcassets */; };
		E60BA1AE2AC7E6A2002335E4 /* Color.xcassets in Resources */ = {isa = PBXBuildFile; fileRef = E60BA1A22AC7E6A2002335E4 /* Color.xcassets */; };
		E60BA1AF2AC7E6A2002335E4 /* Inter-Medium.ttf in Resources */ = {isa = PBXBuildFile; fileRef = E60BA1A42AC7E6A2002335E4 /* Inter-Medium.ttf */; };
		E60BA1B02AC7E6A2002335E4 /* Inter-Light.ttf in Resources */ = {isa = PBXBuildFile; fileRef = E60BA1A52AC7E6A2002335E4 /* Inter-Light.ttf */; };
		E60BA1B12AC7E6A2002335E4 /* Inter-Thin.ttf in Resources */ = {isa = PBXBuildFile; fileRef = E60BA1A62AC7E6A2002335E4 /* Inter-Thin.ttf */; };
		E60BA1B22AC7E6A2002335E4 /* Inter-Bold.ttf in Resources */ = {isa = PBXBuildFile; fileRef = E60BA1A72AC7E6A2002335E4 /* Inter-Bold.ttf */; };
		E60BA1B32AC7E6A2002335E4 /* Inter-Regular.ttf in Resources */ = {isa = PBXBuildFile; fileRef = E60BA1A82AC7E6A2002335E4 /* Inter-Regular.ttf */; };
		E60BA1B42AC7E6A2002335E4 /* Inter-ExtraBold.ttf in Resources */ = {isa = PBXBuildFile; fileRef = E60BA1A92AC7E6A2002335E4 /* Inter-ExtraBold.ttf */; };
		E60BA1B52AC7E6A2002335E4 /* Inter-ExtraLight.ttf in Resources */ = {isa = PBXBuildFile; fileRef = E60BA1AA2AC7E6A2002335E4 /* Inter-ExtraLight.ttf */; };
		E60BA1B62AC7E6A2002335E4 /* Inter-Black.ttf in Resources */ = {isa = PBXBuildFile; fileRef = E60BA1AB2AC7E6A2002335E4 /* Inter-Black.ttf */; };
		E60BA1B72AC7E6A2002335E4 /* Inter-SemiBold.ttf in Resources */ = {isa = PBXBuildFile; fileRef = E60BA1AC2AC7E6A2002335E4 /* Inter-SemiBold.ttf */; };
		E60BA1BE2AC7E6CC002335E4 /* ServiceRequest.swift in Sources */ = {isa = PBXBuildFile; fileRef = E60BA1BA2AC7E6CC002335E4 /* ServiceRequest.swift */; };
		E60BA1BF2AC7E6CC002335E4 /* ApiCall.swift in Sources */ = {isa = PBXBuildFile; fileRef = E60BA1BB2AC7E6CC002335E4 /* ApiCall.swift */; };
		E60BA1C02AC7E6CC002335E4 /* GeneralResponseModel.swift in Sources */ = {isa = PBXBuildFile; fileRef = E60BA1BD2AC7E6CC002335E4 /* GeneralResponseModel.swift */; };
		E60BA1CD2AC7E6DA002335E4 /* UIImageView+Extension.swift in Sources */ = {isa = PBXBuildFile; fileRef = E60BA1C22AC7E6DA002335E4 /* UIImageView+Extension.swift */; };
		E60BA1CE2AC7E6DA002335E4 /* UIColor+Extension.swift in Sources */ = {isa = PBXBuildFile; fileRef = E60BA1C32AC7E6DA002335E4 /* UIColor+Extension.swift */; };
		E60BA1CF2AC7E6DA002335E4 /* UIView+Extension.swift in Sources */ = {isa = PBXBuildFile; fileRef = E60BA1C42AC7E6DA002335E4 /* UIView+Extension.swift */; };
		E60BA1D02AC7E6DA002335E4 /* UIViewController+Extension.swift in Sources */ = {isa = PBXBuildFile; fileRef = E60BA1C52AC7E6DA002335E4 /* UIViewController+Extension.swift */; };
		E60BA1D12AC7E6DA002335E4 /* AppDelegate+Configuration.swift in Sources */ = {isa = PBXBuildFile; fileRef = E60BA1C62AC7E6DA002335E4 /* AppDelegate+Configuration.swift */; };
		E60BA1D22AC7E6DA002335E4 /* UITextField+Extension.swift in Sources */ = {isa = PBXBuildFile; fileRef = E60BA1C72AC7E6DA002335E4 /* UITextField+Extension.swift */; };
		E60BA1D32AC7E6DA002335E4 /* ConnectionCheck.swift in Sources */ = {isa = PBXBuildFile; fileRef = E60BA1C92AC7E6DA002335E4 /* ConnectionCheck.swift */; };
		E60BA1D42AC7E6DA002335E4 /* JailbreakDetector.swift in Sources */ = {isa = PBXBuildFile; fileRef = E60BA1CB2AC7E6DA002335E4 /* JailbreakDetector.swift */; };
		E60BA1D52AC7E6DA002335E4 /* Utility.swift in Sources */ = {isa = PBXBuildFile; fileRef = E60BA1CC2AC7E6DA002335E4 /* Utility.swift */; };
		E60BA1D82AC7E706002335E4 /* Constants.swift in Sources */ = {isa = PBXBuildFile; fileRef = E60BA1D72AC7E706002335E4 /* Constants.swift */; };
		E60BA1DA2AC7E993002335E4 /* Main.storyboard in Resources */ = {isa = PBXBuildFile; fileRef = E60BA1D92AC7E993002335E4 /* Main.storyboard */; };
		E60BA1E22AC7ED03002335E4 /* JokesVC.swift in Sources */ = {isa = PBXBuildFile; fileRef = E60BA1E12AC7ED03002335E4 /* JokesVC.swift */; };
		E64430A72AC7F62C00C0F73B /* JokesListModel.swift in Sources */ = {isa = PBXBuildFile; fileRef = E64430A62AC7F62C00C0F73B /* JokesListModel.swift */; };
		E64430A92AC7FD9500C0F73B /* JokesVC+UITableViewDelegate+UITableViewDataSource.swift in Sources */ = {isa = PBXBuildFile; fileRef = E64430A82AC7FD9500C0F73B /* JokesVC+UITableViewDelegate+UITableViewDataSource.swift */; };
		E6560D6B2AC7F13200204935 /* JokesTVC.swift in Sources */ = {isa = PBXBuildFile; fileRef = E6560D6A2AC7F13200204935 /* JokesTVC.swift */; };
		E696630E2AC7E53C000E3AC4 /* AppDelegate.swift in Sources */ = {isa = PBXBuildFile; fileRef = E696630D2AC7E53C000E3AC4 /* AppDelegate.swift */; };
		E696631A2AC7E542000E3AC4 /* LaunchScreen.storyboard in Resources */ = {isa = PBXBuildFile; fileRef = E69663182AC7E542000E3AC4 /* LaunchScreen.storyboard */; };
		E69663252AC7E543000E3AC4 /* Practical_UnlimitTests.swift in Sources */ = {isa = PBXBuildFile; fileRef = E69663242AC7E543000E3AC4 /* Practical_UnlimitTests.swift */; };
		E696632F2AC7E543000E3AC4 /* Practical_UnlimitUITests.swift in Sources */ = {isa = PBXBuildFile; fileRef = E696632E2AC7E543000E3AC4 /* Practical_UnlimitUITests.swift */; };
		E69663312AC7E543000E3AC4 /* Practical_UnlimitUITestsLaunchTests.swift in Sources */ = {isa = PBXBuildFile; fileRef = E69663302AC7E543000E3AC4 /* Practical_UnlimitUITestsLaunchTests.swift */; };
		E6DB23A22AC82113003547C7 /* JokesDB.sqlite in Resources */ = {isa = PBXBuildFile; fileRef = E6DB23A12AC82113003547C7 /* JokesDB.sqlite */; };
		E6DB23A42AC82291003547C7 /* JokesDBManager.swift in Sources */ = {isa = PBXBuildFile; fileRef = E6DB23A32AC82291003547C7 /* JokesDBManager.swift */; };
/* End PBXBuildFile section */

/* Begin PBXContainerItemProxy section */
		E69663212AC7E543000E3AC4 /* PBXContainerItemProxy */ = {
			isa = PBXContainerItemProxy;
			containerPortal = E69663022AC7E53C000E3AC4 /* Project object */;
			proxyType = 1;
			remoteGlobalIDString = E69663092AC7E53C000E3AC4;
			remoteInfo = Practical_Unlimit;
		};
		E696632B2AC7E543000E3AC4 /* PBXContainerItemProxy */ = {
			isa = PBXContainerItemProxy;
			containerPortal = E69663022AC7E53C000E3AC4 /* Project object */;
			proxyType = 1;
			remoteGlobalIDString = E69663092AC7E53C000E3AC4;
			remoteInfo = Practical_Unlimit;
		};
/* End PBXContainerItemProxy section */

/* Begin PBXFileReference section */
		41DD1337423A2FAB6FBFD18A /* Pods-Practical_Unlimit.debug.xcconfig */ = {isa = PBXFileReference; includeInIndex = 1; lastKnownFileType = text.xcconfig; name = "Pods-Practical_Unlimit.debug.xcconfig"; path = "Target Support Files/Pods-Practical_Unlimit/Pods-Practical_Unlimit.debug.xcconfig"; sourceTree = "<group>"; };
		A8B54DD963E00713CE0F1C0D /* Pods_Practical_Unlimit.framework */ = {isa = PBXFileReference; explicitFileType = wrapper.framework; includeInIndex = 0; path = Pods_Practical_Unlimit.framework; sourceTree = BUILT_PRODUCTS_DIR; };
		E60BA1A02AC7E6A2002335E4 /* Assets.xcassets */ = {isa = PBXFileReference; lastKnownFileType = folder.assetcatalog; path = Assets.xcassets; sourceTree = "<group>"; };
		E60BA1A22AC7E6A2002335E4 /* Color.xcassets */ = {isa = PBXFileReference; lastKnownFileType = folder.assetcatalog; path = Color.xcassets; sourceTree = "<group>"; };
		E60BA1A42AC7E6A2002335E4 /* Inter-Medium.ttf */ = {isa = PBXFileReference; lastKnownFileType = file; path = "Inter-Medium.ttf"; sourceTree = "<group>"; };
		E60BA1A52AC7E6A2002335E4 /* Inter-Light.ttf */ = {isa = PBXFileReference; lastKnownFileType = file; path = "Inter-Light.ttf"; sourceTree = "<group>"; };
		E60BA1A62AC7E6A2002335E4 /* Inter-Thin.ttf */ = {isa = PBXFileReference; lastKnownFileType = file; path = "Inter-Thin.ttf"; sourceTree = "<group>"; };
		E60BA1A72AC7E6A2002335E4 /* Inter-Bold.ttf */ = {isa = PBXFileReference; lastKnownFileType = file; path = "Inter-Bold.ttf"; sourceTree = "<group>"; };
		E60BA1A82AC7E6A2002335E4 /* Inter-Regular.ttf */ = {isa = PBXFileReference; lastKnownFileType = file; path = "Inter-Regular.ttf"; sourceTree = "<group>"; };
		E60BA1A92AC7E6A2002335E4 /* Inter-ExtraBold.ttf */ = {isa = PBXFileReference; lastKnownFileType = file; path = "Inter-ExtraBold.ttf"; sourceTree = "<group>"; };
		E60BA1AA2AC7E6A2002335E4 /* Inter-ExtraLight.ttf */ = {isa = PBXFileReference; lastKnownFileType = file; path = "Inter-ExtraLight.ttf"; sourceTree = "<group>"; };
		E60BA1AB2AC7E6A2002335E4 /* Inter-Black.ttf */ = {isa = PBXFileReference; lastKnownFileType = file; path = "Inter-Black.ttf"; sourceTree = "<group>"; };
		E60BA1AC2AC7E6A2002335E4 /* Inter-SemiBold.ttf */ = {isa = PBXFileReference; lastKnownFileType = file; path = "Inter-SemiBold.ttf"; sourceTree = "<group>"; };
		E60BA1BA2AC7E6CC002335E4 /* ServiceRequest.swift */ = {isa = PBXFileReference; fileEncoding = 4; lastKnownFileType = sourcecode.swift; path = ServiceRequest.swift; sourceTree = "<group>"; };
		E60BA1BB2AC7E6CC002335E4 /* ApiCall.swift */ = {isa = PBXFileReference; fileEncoding = 4; lastKnownFileType = sourcecode.swift; path = ApiCall.swift; sourceTree = "<group>"; };
		E60BA1BD2AC7E6CC002335E4 /* GeneralResponseModel.swift */ = {isa = PBXFileReference; fileEncoding = 4; lastKnownFileType = sourcecode.swift; path = GeneralResponseModel.swift; sourceTree = "<group>"; };
		E60BA1C22AC7E6DA002335E4 /* UIImageView+Extension.swift */ = {isa = PBXFileReference; fileEncoding = 4; lastKnownFileType = sourcecode.swift; path = "UIImageView+Extension.swift"; sourceTree = "<group>"; };
		E60BA1C32AC7E6DA002335E4 /* UIColor+Extension.swift */ = {isa = PBXFileReference; fileEncoding = 4; lastKnownFileType = sourcecode.swift; path = "UIColor+Extension.swift"; sourceTree = "<group>"; };
		E60BA1C42AC7E6DA002335E4 /* UIView+Extension.swift */ = {isa = PBXFileReference; fileEncoding = 4; lastKnownFileType = sourcecode.swift; path = "UIView+Extension.swift"; sourceTree = "<group>"; };
		E60BA1C52AC7E6DA002335E4 /* UIViewController+Extension.swift */ = {isa = PBXFileReference; fileEncoding = 4; lastKnownFileType = sourcecode.swift; path = "UIViewController+Extension.swift"; sourceTree = "<group>"; };
		E60BA1C62AC7E6DA002335E4 /* AppDelegate+Configuration.swift */ = {isa = PBXFileReference; fileEncoding = 4; lastKnownFileType = sourcecode.swift; path = "AppDelegate+Configuration.swift"; sourceTree = "<group>"; };
		E60BA1C72AC7E6DA002335E4 /* UITextField+Extension.swift */ = {isa = PBXFileReference; fileEncoding = 4; lastKnownFileType = sourcecode.swift; path = "UITextField+Extension.swift"; sourceTree = "<group>"; };
		E60BA1C92AC7E6DA002335E4 /* ConnectionCheck.swift */ = {isa = PBXFileReference; fileEncoding = 4; lastKnownFileType = sourcecode.swift; path = ConnectionCheck.swift; sourceTree = "<group>"; };
		E60BA1CB2AC7E6DA002335E4 /* JailbreakDetector.swift */ = {isa = PBXFileReference; fileEncoding = 4; lastKnownFileType = sourcecode.swift; path = JailbreakDetector.swift; sourceTree = "<group>"; };
		E60BA1CC2AC7E6DA002335E4 /* Utility.swift */ = {isa = PBXFileReference; fileEncoding = 4; lastKnownFileType = sourcecode.swift; path = Utility.swift; sourceTree = "<group>"; };
		E60BA1D72AC7E706002335E4 /* Constants.swift */ = {isa = PBXFileReference; fileEncoding = 4; lastKnownFileType = sourcecode.swift; path = Constants.swift; sourceTree = "<group>"; };
		E60BA1D92AC7E993002335E4 /* Main.storyboard */ = {isa = PBXFileReference; fileEncoding = 4; lastKnownFileType = file.storyboard; path = Main.storyboard; sourceTree = "<group>"; };
		E60BA1E12AC7ED03002335E4 /* JokesVC.swift */ = {isa = PBXFileReference; lastKnownFileType = sourcecode.swift; path = JokesVC.swift; sourceTree = "<group>"; };
		E64430A62AC7F62C00C0F73B /* JokesListModel.swift */ = {isa = PBXFileReference; lastKnownFileType = sourcecode.swift; path = JokesListModel.swift; sourceTree = "<group>"; };
		E64430A82AC7FD9500C0F73B /* JokesVC+UITableViewDelegate+UITableViewDataSource.swift */ = {isa = PBXFileReference; lastKnownFileType = sourcecode.swift; path = "JokesVC+UITableViewDelegate+UITableViewDataSource.swift"; sourceTree = "<group>"; };
		E6560D6A2AC7F13200204935 /* JokesTVC.swift */ = {isa = PBXFileReference; lastKnownFileType = sourcecode.swift; path = JokesTVC.swift; sourceTree = "<group>"; };
		E696630A2AC7E53C000E3AC4 /* Practical_Unlimit.app */ = {isa = PBXFileReference; explicitFileType = wrapper.application; includeInIndex = 0; path = Practical_Unlimit.app; sourceTree = BUILT_PRODUCTS_DIR; };
		E696630D2AC7E53C000E3AC4 /* AppDelegate.swift */ = {isa = PBXFileReference; lastKnownFileType = sourcecode.swift; path = AppDelegate.swift; sourceTree = "<group>"; };
		E69663192AC7E542000E3AC4 /* Base */ = {isa = PBXFileReference; lastKnownFileType = file.storyboard; name = Base; path = Base.lproj/LaunchScreen.storyboard; sourceTree = "<group>"; };
		E696631B2AC7E542000E3AC4 /* Info.plist */ = {isa = PBXFileReference; lastKnownFileType = text.plist.xml; path = Info.plist; sourceTree = "<group>"; };
		E69663202AC7E543000E3AC4 /* Practical_UnlimitTests.xctest */ = {isa = PBXFileReference; explicitFileType = wrapper.cfbundle; includeInIndex = 0; path = Practical_UnlimitTests.xctest; sourceTree = BUILT_PRODUCTS_DIR; };
		E69663242AC7E543000E3AC4 /* Practical_UnlimitTests.swift */ = {isa = PBXFileReference; lastKnownFileType = sourcecode.swift; path = Practical_UnlimitTests.swift; sourceTree = "<group>"; };
		E696632A2AC7E543000E3AC4 /* Practical_UnlimitUITests.xctest */ = {isa = PBXFileReference; explicitFileType = wrapper.cfbundle; includeInIndex = 0; path = Practical_UnlimitUITests.xctest; sourceTree = BUILT_PRODUCTS_DIR; };
		E696632E2AC7E543000E3AC4 /* Practical_UnlimitUITests.swift */ = {isa = PBXFileReference; lastKnownFileType = sourcecode.swift; path = Practical_UnlimitUITests.swift; sourceTree = "<group>"; };
		E69663302AC7E543000E3AC4 /* Practical_UnlimitUITestsLaunchTests.swift */ = {isa = PBXFileReference; lastKnownFileType = sourcecode.swift; path = Practical_UnlimitUITestsLaunchTests.swift; sourceTree = "<group>"; };
		E6DB23A12AC82113003547C7 /* JokesDB.sqlite */ = {isa = PBXFileReference; fileEncoding = 4; lastKnownFileType = text; path = JokesDB.sqlite; sourceTree = "<group>"; };
		E6DB23A32AC82291003547C7 /* JokesDBManager.swift */ = {isa = PBXFileReference; lastKnownFileType = sourcecode.swift; path = JokesDBManager.swift; sourceTree = "<group>"; };
		F638C2214CE22BB22A87488B /* Pods-Practical_Unlimit.release.xcconfig */ = {isa = PBXFileReference; includeInIndex = 1; lastKnownFileType = text.xcconfig; name = "Pods-Practical_Unlimit.release.xcconfig"; path = "Target Support Files/Pods-Practical_Unlimit/Pods-Practical_Unlimit.release.xcconfig"; sourceTree = "<group>"; };
/* End PBXFileReference section */

/* Begin PBXFrameworksBuildPhase section */
		E69663072AC7E53C000E3AC4 /* Frameworks */ = {
			isa = PBXFrameworksBuildPhase;
			buildActionMask = 2147483647;
			files = (
				1F9A5A52DABE55339E988E12 /* Pods_Practical_Unlimit.framework in Frameworks */,
			);
			runOnlyForDeploymentPostprocessing = 0;
		};
		E696631D2AC7E543000E3AC4 /* Frameworks */ = {
			isa = PBXFrameworksBuildPhase;
			buildActionMask = 2147483647;
			files = (
			);
			runOnlyForDeploymentPostprocessing = 0;
		};
		E69663272AC7E543000E3AC4 /* Frameworks */ = {
			isa = PBXFrameworksBuildPhase;
			buildActionMask = 2147483647;
			files = (
			);
			runOnlyForDeploymentPostprocessing = 0;
		};
/* End PBXFrameworksBuildPhase section */

/* Begin PBXGroup section */
		B5EF39AC0127647A00569317 /* Pods */ = {
			isa = PBXGroup;
			children = (
				41DD1337423A2FAB6FBFD18A /* Pods-Practical_Unlimit.debug.xcconfig */,
				F638C2214CE22BB22A87488B /* Pods-Practical_Unlimit.release.xcconfig */,
			);
			path = Pods;
			sourceTree = "<group>";
		};
		D09EE6E8937C8BF50B71AB57 /* Frameworks */ = {
			isa = PBXGroup;
			children = (
				A8B54DD963E00713CE0F1C0D /* Pods_Practical_Unlimit.framework */,
			);
			name = Frameworks;
			sourceTree = "<group>";
		};
		E60BA19B2AC7E614002335E4 /* AppDelegate */ = {
			isa = PBXGroup;
			children = (
				E696630D2AC7E53C000E3AC4 /* AppDelegate.swift */,
			);
			path = AppDelegate;
			sourceTree = "<group>";
		};
		E60BA19C2AC7E682002335E4 /* Common */ = {
			isa = PBXGroup;
			children = (
				E60BA1B92AC7E6CC002335E4 /* API Call */,
				E60BA1D62AC7E706002335E4 /* Constants */,
				E6DB239C2AC81E1F003547C7 /* DB Manager */,
				E60BA1C12AC7E6DA002335E4 /* Extensions */,
				E60BA1DB2AC7EB21002335E4 /* Plist File */,
				E60BA1C82AC7E6DA002335E4 /* Reachability */,
				E60BA1CA2AC7E6DA002335E4 /* Utility */,
			);
			path = Common;
			sourceTree = "<group>";
		};
		E60BA19E2AC7E6A2002335E4 /* Resources */ = {
			isa = PBXGroup;
			children = (
				E60BA1A12AC7E6A2002335E4 /* Colors */,
				E60BA1A32AC7E6A2002335E4 /* Fonts */,
				E60BA19F2AC7E6A2002335E4 /* Images */,
			);
			path = Resources;
			sourceTree = "<group>";
		};
		E60BA19F2AC7E6A2002335E4 /* Images */ = {
			isa = PBXGroup;
			children = (
				E60BA1A02AC7E6A2002335E4 /* Assets.xcassets */,
			);
			path = Images;
			sourceTree = "<group>";
		};
		E60BA1A12AC7E6A2002335E4 /* Colors */ = {
			isa = PBXGroup;
			children = (
				E60BA1A22AC7E6A2002335E4 /* Color.xcassets */,
			);
			path = Colors;
			sourceTree = "<group>";
		};
		E60BA1A32AC7E6A2002335E4 /* Fonts */ = {
			isa = PBXGroup;
			children = (
				E60BA1AB2AC7E6A2002335E4 /* Inter-Black.ttf */,
				E60BA1A72AC7E6A2002335E4 /* Inter-Bold.ttf */,
				E60BA1A92AC7E6A2002335E4 /* Inter-ExtraBold.ttf */,
				E60BA1AA2AC7E6A2002335E4 /* Inter-ExtraLight.ttf */,
				E60BA1A52AC7E6A2002335E4 /* Inter-Light.ttf */,
				E60BA1A42AC7E6A2002335E4 /* Inter-Medium.ttf */,
				E60BA1A82AC7E6A2002335E4 /* Inter-Regular.ttf */,
				E60BA1AC2AC7E6A2002335E4 /* Inter-SemiBold.ttf */,
				E60BA1A62AC7E6A2002335E4 /* Inter-Thin.ttf */,
			);
			path = Fonts;
			sourceTree = "<group>";
		};
		E60BA1B82AC7E6AF002335E4 /* Designs */ = {
			isa = PBXGroup;
			children = (
				E69663182AC7E542000E3AC4 /* LaunchScreen.storyboard */,
				E60BA1D92AC7E993002335E4 /* Main.storyboard */,
			);
			path = Designs;
			sourceTree = "<group>";
		};
		E60BA1B92AC7E6CC002335E4 /* API Call */ = {
			isa = PBXGroup;
			children = (
				E60BA1BB2AC7E6CC002335E4 /* ApiCall.swift */,
				E60BA1BC2AC7E6CC002335E4 /* Model */,
				E60BA1BA2AC7E6CC002335E4 /* ServiceRequest.swift */,
			);
			path = "API Call";
			sourceTree = "<group>";
		};
		E60BA1BC2AC7E6CC002335E4 /* Model */ = {
			isa = PBXGroup;
			children = (
				E60BA1BD2AC7E6CC002335E4 /* GeneralResponseModel.swift */,
			);
			path = Model;
			sourceTree = "<group>";
		};
		E60BA1C12AC7E6DA002335E4 /* Extensions */ = {
			isa = PBXGroup;
			children = (
				E60BA1C62AC7E6DA002335E4 /* AppDelegate+Configuration.swift */,
				E60BA1C32AC7E6DA002335E4 /* UIColor+Extension.swift */,
				E60BA1C22AC7E6DA002335E4 /* UIImageView+Extension.swift */,
				E60BA1C72AC7E6DA002335E4 /* UITextField+Extension.swift */,
				E60BA1C42AC7E6DA002335E4 /* UIView+Extension.swift */,
				E60BA1C52AC7E6DA002335E4 /* UIViewController+Extension.swift */,
			);
			path = Extensions;
			sourceTree = "<group>";
		};
		E60BA1C82AC7E6DA002335E4 /* Reachability */ = {
			isa = PBXGroup;
			children = (
				E60BA1C92AC7E6DA002335E4 /* ConnectionCheck.swift */,
			);
			path = Reachability;
			sourceTree = "<group>";
		};
		E60BA1CA2AC7E6DA002335E4 /* Utility */ = {
			isa = PBXGroup;
			children = (
				E60BA1CB2AC7E6DA002335E4 /* JailbreakDetector.swift */,
				E60BA1CC2AC7E6DA002335E4 /* Utility.swift */,
			);
			path = Utility;
			sourceTree = "<group>";
		};
		E60BA1D62AC7E706002335E4 /* Constants */ = {
			isa = PBXGroup;
			children = (
				E60BA1D72AC7E706002335E4 /* Constants.swift */,
			);
			path = Constants;
			sourceTree = "<group>";
		};
		E60BA1DB2AC7EB21002335E4 /* Plist File */ = {
			isa = PBXGroup;
			children = (
				E696631B2AC7E542000E3AC4 /* Info.plist */,
			);
			path = "Plist File";
			sourceTree = "<group>";
		};
		E60BA1DC2AC7ECCF002335E4 /* Modules */ = {
			isa = PBXGroup;
			children = (
				E60BA1DD2AC7ECD5002335E4 /* Jokes */,
			);
			path = Modules;
			sourceTree = "<group>";
		};
		E60BA1DD2AC7ECD5002335E4 /* Jokes */ = {
			isa = PBXGroup;
			children = (
				E6560D692AC7F11F00204935 /* Cell */,
				E60BA1DE2AC7ECDB002335E4 /* Controller */,
				E64430A52AC7F61A00C0F73B /* Model */,
			);
			path = Jokes;
			sourceTree = "<group>";
		};
		E60BA1DE2AC7ECDB002335E4 /* Controller */ = {
			isa = PBXGroup;
			children = (
				E60BA1E12AC7ED03002335E4 /* JokesVC.swift */,
				E64430A82AC7FD9500C0F73B /* JokesVC+UITableViewDelegate+UITableViewDataSource.swift */,
			);
			path = Controller;
			sourceTree = "<group>";
		};
		E64430A52AC7F61A00C0F73B /* Model */ = {
			isa = PBXGroup;
			children = (
				E64430A62AC7F62C00C0F73B /* JokesListModel.swift */,
			);
			path = Model;
			sourceTree = "<group>";
		};
		E6560D692AC7F11F00204935 /* Cell */ = {
			isa = PBXGroup;
			children = (
				E6560D6A2AC7F13200204935 /* JokesTVC.swift */,
			);
			path = Cell;
			sourceTree = "<group>";
		};
		E69663012AC7E53C000E3AC4 = {
			isa = PBXGroup;
			children = (
				D09EE6E8937C8BF50B71AB57 /* Frameworks */,
				B5EF39AC0127647A00569317 /* Pods */,
				E696630C2AC7E53C000E3AC4 /* Practical_Unlimit */,
				E69663232AC7E543000E3AC4 /* Practical_UnlimitTests */,
				E696632D2AC7E543000E3AC4 /* Practical_UnlimitUITests */,
				E696630B2AC7E53C000E3AC4 /* Products */,
			);
			sourceTree = "<group>";
		};
		E696630B2AC7E53C000E3AC4 /* Products */ = {
			isa = PBXGroup;
			children = (
				E696630A2AC7E53C000E3AC4 /* Practical_Unlimit.app */,
				E69663202AC7E543000E3AC4 /* Practical_UnlimitTests.xctest */,
				E696632A2AC7E543000E3AC4 /* Practical_UnlimitUITests.xctest */,
			);
			name = Products;
			sourceTree = "<group>";
		};
		E696630C2AC7E53C000E3AC4 /* Practical_Unlimit */ = {
			isa = PBXGroup;
			children = (
				E60BA19B2AC7E614002335E4 /* AppDelegate */,
				E60BA19C2AC7E682002335E4 /* Common */,
				E60BA1B82AC7E6AF002335E4 /* Designs */,
				E60BA1DC2AC7ECCF002335E4 /* Modules */,
				E60BA19E2AC7E6A2002335E4 /* Resources */,
			);
			path = Practical_Unlimit;
			sourceTree = "<group>";
		};
		E69663232AC7E543000E3AC4 /* Practical_UnlimitTests */ = {
			isa = PBXGroup;
			children = (
				E69663242AC7E543000E3AC4 /* Practical_UnlimitTests.swift */,
			);
			path = Practical_UnlimitTests;
			sourceTree = "<group>";
		};
		E696632D2AC7E543000E3AC4 /* Practical_UnlimitUITests */ = {
			isa = PBXGroup;
			children = (
				E696632E2AC7E543000E3AC4 /* Practical_UnlimitUITests.swift */,
				E69663302AC7E543000E3AC4 /* Practical_UnlimitUITestsLaunchTests.swift */,
			);
			path = Practical_UnlimitUITests;
			sourceTree = "<group>";
		};
		E6DB239C2AC81E1F003547C7 /* DB Manager */ = {
			isa = PBXGroup;
			children = (
				E6DB23A12AC82113003547C7 /* JokesDB.sqlite */,
				E6DB23A32AC82291003547C7 /* JokesDBManager.swift */,
			);
			path = "DB Manager";
			sourceTree = "<group>";
		};
/* End PBXGroup section */

/* Begin PBXNativeTarget section */
		E69663092AC7E53C000E3AC4 /* Practical_Unlimit */ = {
			isa = PBXNativeTarget;
			buildConfigurationList = E69663342AC7E543000E3AC4 /* Build configuration list for PBXNativeTarget "Practical_Unlimit" */;
			buildPhases = (
				0E90DB41461A3B23865D5AB5 /* [CP] Check Pods Manifest.lock */,
				E69663062AC7E53C000E3AC4 /* Sources */,
				E69663072AC7E53C000E3AC4 /* Frameworks */,
				E69663082AC7E53C000E3AC4 /* Resources */,
				A19DFBF1BE7668F8A813A0B1 /* [CP] Embed Pods Frameworks */,
			);
			buildRules = (
			);
			dependencies = (
			);
			name = Practical_Unlimit;
			productName = Practical_Unlimit;
			productReference = E696630A2AC7E53C000E3AC4 /* Practical_Unlimit.app */;
			productType = "com.apple.product-type.application";
		};
		E696631F2AC7E543000E3AC4 /* Practical_UnlimitTests */ = {
			isa = PBXNativeTarget;
			buildConfigurationList = E69663372AC7E543000E3AC4 /* Build configuration list for PBXNativeTarget "Practical_UnlimitTests" */;
			buildPhases = (
				E696631C2AC7E543000E3AC4 /* Sources */,
				E696631D2AC7E543000E3AC4 /* Frameworks */,
				E696631E2AC7E543000E3AC4 /* Resources */,
			);
			buildRules = (
			);
			dependencies = (
				E69663222AC7E543000E3AC4 /* PBXTargetDependency */,
			);
			name = Practical_UnlimitTests;
			productName = Practical_UnlimitTests;
			productReference = E69663202AC7E543000E3AC4 /* Practical_UnlimitTests.xctest */;
			productType = "com.apple.product-type.bundle.unit-test";
		};
		E69663292AC7E543000E3AC4 /* Practical_UnlimitUITests */ = {
			isa = PBXNativeTarget;
			buildConfigurationList = E696633A2AC7E543000E3AC4 /* Build configuration list for PBXNativeTarget "Practical_UnlimitUITests" */;
			buildPhases = (
				E69663262AC7E543000E3AC4 /* Sources */,
				E69663272AC7E543000E3AC4 /* Frameworks */,
				E69663282AC7E543000E3AC4 /* Resources */,
			);
			buildRules = (
			);
			dependencies = (
				E696632C2AC7E543000E3AC4 /* PBXTargetDependency */,
			);
			name = Practical_UnlimitUITests;
			productName = Practical_UnlimitUITests;
			productReference = E696632A2AC7E543000E3AC4 /* Practical_UnlimitUITests.xctest */;
			productType = "com.apple.product-type.bundle.ui-testing";
		};
/* End PBXNativeTarget section */

/* Begin PBXProject section */
		E69663022AC7E53C000E3AC4 /* Project object */ = {
			isa = PBXProject;
			attributes = {
				BuildIndependentTargetsInParallel = 1;
				LastSwiftUpdateCheck = 1500;
				LastUpgradeCheck = 1500;
				TargetAttributes = {
					E69663092AC7E53C000E3AC4 = {
						CreatedOnToolsVersion = 15.0;
					};
					E696631F2AC7E543000E3AC4 = {
						CreatedOnToolsVersion = 15.0;
						TestTargetID = E69663092AC7E53C000E3AC4;
					};
					E69663292AC7E543000E3AC4 = {
						CreatedOnToolsVersion = 15.0;
						TestTargetID = E69663092AC7E53C000E3AC4;
					};
				};
			};
			buildConfigurationList = E69663052AC7E53C000E3AC4 /* Build configuration list for PBXProject "Practical_Unlimit" */;
			compatibilityVersion = "Xcode 14.0";
			developmentRegion = en;
			hasScannedForEncodings = 0;
			knownRegions = (
				en,
				Base,
			);
			mainGroup = E69663012AC7E53C000E3AC4;
			productRefGroup = E696630B2AC7E53C000E3AC4 /* Products */;
			projectDirPath = "";
			projectRoot = "";
			targets = (
				E69663092AC7E53C000E3AC4 /* Practical_Unlimit */,
				E696631F2AC7E543000E3AC4 /* Practical_UnlimitTests */,
				E69663292AC7E543000E3AC4 /* Practical_UnlimitUITests */,
			);
		};
/* End PBXProject section */

/* Begin PBXResourcesBuildPhase section */
		E69663082AC7E53C000E3AC4 /* Resources */ = {
			isa = PBXResourcesBuildPhase;
			buildActionMask = 2147483647;
			files = (
				E6DB23A22AC82113003547C7 /* JokesDB.sqlite in Resources */,
				E696631A2AC7E542000E3AC4 /* LaunchScreen.storyboard in Resources */,
				E60BA1B42AC7E6A2002335E4 /* Inter-ExtraBold.ttf in Resources */,
				E60BA1AF2AC7E6A2002335E4 /* Inter-Medium.ttf in Resources */,
				E60BA1B22AC7E6A2002335E4 /* Inter-Bold.ttf in Resources */,
				E60BA1AE2AC7E6A2002335E4 /* Color.xcassets in Resources */,
				E60BA1B72AC7E6A2002335E4 /* Inter-SemiBold.ttf in Resources */,
				E60BA1B62AC7E6A2002335E4 /* Inter-Black.ttf in Resources */,
				E60BA1DA2AC7E993002335E4 /* Main.storyboard in Resources */,
				E60BA1B12AC7E6A2002335E4 /* Inter-Thin.ttf in Resources */,
				E60BA1B52AC7E6A2002335E4 /* Inter-ExtraLight.ttf in Resources */,
				E60BA1B32AC7E6A2002335E4 /* Inter-Regular.ttf in Resources */,
				E60BA1AD2AC7E6A2002335E4 /* Assets.xcassets in Resources */,
				E60BA1B02AC7E6A2002335E4 /* Inter-Light.ttf in Resources */,
			);
			runOnlyForDeploymentPostprocessing = 0;
		};
		E696631E2AC7E543000E3AC4 /* Resources */ = {
			isa = PBXResourcesBuildPhase;
			buildActionMask = 2147483647;
			files = (
			);
			runOnlyForDeploymentPostprocessing = 0;
		};
		E69663282AC7E543000E3AC4 /* Resources */ = {
			isa = PBXResourcesBuildPhase;
			buildActionMask = 2147483647;
			files = (
			);
			runOnlyForDeploymentPostprocessing = 0;
		};
/* End PBXResourcesBuildPhase section */

/* Begin PBXShellScriptBuildPhase section */
		0E90DB41461A3B23865D5AB5 /* [CP] Check Pods Manifest.lock */ = {
			isa = PBXShellScriptBuildPhase;
			buildActionMask = 2147483647;
			files = (
			);
			inputFileListPaths = (
			);
			inputPaths = (
				"${PODS_PODFILE_DIR_PATH}/Podfile.lock",
				"${PODS_ROOT}/Manifest.lock",
			);
			name = "[CP] Check Pods Manifest.lock";
			outputFileListPaths = (
			);
			outputPaths = (
				"$(DERIVED_FILE_DIR)/Pods-Practical_Unlimit-checkManifestLockResult.txt",
			);
			runOnlyForDeploymentPostprocessing = 0;
			shellPath = /bin/sh;
			shellScript = "diff \"${PODS_PODFILE_DIR_PATH}/Podfile.lock\" \"${PODS_ROOT}/Manifest.lock\" > /dev/null\nif [ $? != 0 ] ; then\n    # print error to STDERR\n    echo \"error: The sandbox is not in sync with the Podfile.lock. Run 'pod install' or update your CocoaPods installation.\" >&2\n    exit 1\nfi\n# This output is used by Xcode 'outputs' to avoid re-running this script phase.\necho \"SUCCESS\" > \"${SCRIPT_OUTPUT_FILE_0}\"\n";
			showEnvVarsInLog = 0;
		};
		A19DFBF1BE7668F8A813A0B1 /* [CP] Embed Pods Frameworks */ = {
			isa = PBXShellScriptBuildPhase;
			buildActionMask = 2147483647;
			files = (
			);
			inputFileListPaths = (
				"${PODS_ROOT}/Target Support Files/Pods-Practical_Unlimit/Pods-Practical_Unlimit-frameworks-${CONFIGURATION}-input-files.xcfilelist",
			);
			name = "[CP] Embed Pods Frameworks";
			outputFileListPaths = (
				"${PODS_ROOT}/Target Support Files/Pods-Practical_Unlimit/Pods-Practical_Unlimit-frameworks-${CONFIGURATION}-output-files.xcfilelist",
			);
			runOnlyForDeploymentPostprocessing = 0;
			shellPath = /bin/sh;
			shellScript = "\"${PODS_ROOT}/Target Support Files/Pods-Practical_Unlimit/Pods-Practical_Unlimit-frameworks.sh\"\n";
			showEnvVarsInLog = 0;
		};
/* End PBXShellScriptBuildPhase section */

/* Begin PBXSourcesBuildPhase section */
		E69663062AC7E53C000E3AC4 /* Sources */ = {
			isa = PBXSourcesBuildPhase;
			buildActionMask = 2147483647;
			files = (
				E60BA1D02AC7E6DA002335E4 /* UIViewController+Extension.swift in Sources */,
				E60BA1CD2AC7E6DA002335E4 /* UIImageView+Extension.swift in Sources */,
				E6560D6B2AC7F13200204935 /* JokesTVC.swift in Sources */,
				E64430A92AC7FD9500C0F73B /* JokesVC+UITableViewDelegate+UITableViewDataSource.swift in Sources */,
				E64430A72AC7F62C00C0F73B /* JokesListModel.swift in Sources */,
				E60BA1CF2AC7E6DA002335E4 /* UIView+Extension.swift in Sources */,
				E696630E2AC7E53C000E3AC4 /* AppDelegate.swift in Sources */,
				E60BA1E22AC7ED03002335E4 /* JokesVC.swift in Sources */,
				E6DB23A42AC82291003547C7 /* JokesDBManager.swift in Sources */,
				E60BA1D12AC7E6DA002335E4 /* AppDelegate+Configuration.swift in Sources */,
				E60BA1D42AC7E6DA002335E4 /* JailbreakDetector.swift in Sources */,
				E60BA1D22AC7E6DA002335E4 /* UITextField+Extension.swift in Sources */,
				E60BA1D52AC7E6DA002335E4 /* Utility.swift in Sources */,
				E60BA1BF2AC7E6CC002335E4 /* ApiCall.swift in Sources */,
				E60BA1CE2AC7E6DA002335E4 /* UIColor+Extension.swift in Sources */,
				E60BA1D32AC7E6DA002335E4 /* ConnectionCheck.swift in Sources */,
				E60BA1D82AC7E706002335E4 /* Constants.swift in Sources */,
				E60BA1BE2AC7E6CC002335E4 /* ServiceRequest.swift in Sources */,
				E60BA1C02AC7E6CC002335E4 /* GeneralResponseModel.swift in Sources */,
			);
			runOnlyForDeploymentPostprocessing = 0;
		};
		E696631C2AC7E543000E3AC4 /* Sources */ = {
			isa = PBXSourcesBuildPhase;
			buildActionMask = 2147483647;
			files = (
				E69663252AC7E543000E3AC4 /* Practical_UnlimitTests.swift in Sources */,
			);
			runOnlyForDeploymentPostprocessing = 0;
		};
		E69663262AC7E543000E3AC4 /* Sources */ = {
			isa = PBXSourcesBuildPhase;
			buildActionMask = 2147483647;
			files = (
				E696632F2AC7E543000E3AC4 /* Practical_UnlimitUITests.swift in Sources */,
				E69663312AC7E543000E3AC4 /* Practical_UnlimitUITestsLaunchTests.swift in Sources */,
			);
			runOnlyForDeploymentPostprocessing = 0;
		};
/* End PBXSourcesBuildPhase section */

/* Begin PBXTargetDependency section */
		E69663222AC7E543000E3AC4 /* PBXTargetDependency */ = {
			isa = PBXTargetDependency;
			target = E69663092AC7E53C000E3AC4 /* Practical_Unlimit */;
			targetProxy = E69663212AC7E543000E3AC4 /* PBXContainerItemProxy */;
		};
		E696632C2AC7E543000E3AC4 /* PBXTargetDependency */ = {
			isa = PBXTargetDependency;
			target = E69663092AC7E53C000E3AC4 /* Practical_Unlimit */;
			targetProxy = E696632B2AC7E543000E3AC4 /* PBXContainerItemProxy */;
		};
/* End PBXTargetDependency section */

/* Begin PBXVariantGroup section */
		E69663182AC7E542000E3AC4 /* LaunchScreen.storyboard */ = {
			isa = PBXVariantGroup;
			children = (
				E69663192AC7E542000E3AC4 /* Base */,
			);
			name = LaunchScreen.storyboard;
			sourceTree = "<group>";
		};
/* End PBXVariantGroup section */

/* Begin XCBuildConfiguration section */
		E69663322AC7E543000E3AC4 /* Debug */ = {
			isa = XCBuildConfiguration;
			buildSettings = {
				ALWAYS_SEARCH_USER_PATHS = NO;
				ASSETCATALOG_COMPILER_GENERATE_SWIFT_ASSET_SYMBOL_EXTENSIONS = YES;
				CLANG_ANALYZER_NONNULL = YES;
				CLANG_ANALYZER_NUMBER_OBJECT_CONVERSION = YES_AGGRESSIVE;
				CLANG_CXX_LANGUAGE_STANDARD = "gnu++20";
				CLANG_ENABLE_MODULES = YES;
				CLANG_ENABLE_OBJC_ARC = YES;
				CLANG_ENABLE_OBJC_WEAK = YES;
				CLANG_WARN_BLOCK_CAPTURE_AUTORELEASING = YES;
				CLANG_WARN_BOOL_CONVERSION = YES;
				CLANG_WARN_COMMA = YES;
				CLANG_WARN_CONSTANT_CONVERSION = YES;
				CLANG_WARN_DEPRECATED_OBJC_IMPLEMENTATIONS = YES;
				CLANG_WARN_DIRECT_OBJC_ISA_USAGE = YES_ERROR;
				CLANG_WARN_DOCUMENTATION_COMMENTS = YES;
				CLANG_WARN_EMPTY_BODY = YES;
				CLANG_WARN_ENUM_CONVERSION = YES;
				CLANG_WARN_INFINITE_RECURSION = YES;
				CLANG_WARN_INT_CONVERSION = YES;
				CLANG_WARN_NON_LITERAL_NULL_CONVERSION = YES;
				CLANG_WARN_OBJC_IMPLICIT_RETAIN_SELF = YES;
				CLANG_WARN_OBJC_LITERAL_CONVERSION = YES;
				CLANG_WARN_OBJC_ROOT_CLASS = YES_ERROR;
				CLANG_WARN_QUOTED_INCLUDE_IN_FRAMEWORK_HEADER = YES;
				CLANG_WARN_RANGE_LOOP_ANALYSIS = YES;
				CLANG_WARN_STRICT_PROTOTYPES = YES;
				CLANG_WARN_SUSPICIOUS_MOVE = YES;
				CLANG_WARN_UNGUARDED_AVAILABILITY = YES_AGGRESSIVE;
				CLANG_WARN_UNREACHABLE_CODE = YES;
				CLANG_WARN__DUPLICATE_METHOD_MATCH = YES;
				COPY_PHASE_STRIP = NO;
				DEBUG_INFORMATION_FORMAT = dwarf;
				ENABLE_STRICT_OBJC_MSGSEND = YES;
				ENABLE_TESTABILITY = YES;
				ENABLE_USER_SCRIPT_SANDBOXING = YES;
				GCC_C_LANGUAGE_STANDARD = gnu17;
				GCC_DYNAMIC_NO_PIC = NO;
				GCC_NO_COMMON_BLOCKS = YES;
				GCC_OPTIMIZATION_LEVEL = 0;
				GCC_PREPROCESSOR_DEFINITIONS = (
					"DEBUG=1",
					"$(inherited)",
				);
				GCC_WARN_64_TO_32_BIT_CONVERSION = YES;
				GCC_WARN_ABOUT_RETURN_TYPE = YES_ERROR;
				GCC_WARN_UNDECLARED_SELECTOR = YES;
				GCC_WARN_UNINITIALIZED_AUTOS = YES_AGGRESSIVE;
				GCC_WARN_UNUSED_FUNCTION = YES;
				GCC_WARN_UNUSED_VARIABLE = YES;
				IPHONEOS_DEPLOYMENT_TARGET = 17.0;
				LOCALIZATION_PREFERS_STRING_CATALOGS = YES;
				MTL_ENABLE_DEBUG_INFO = INCLUDE_SOURCE;
				MTL_FAST_MATH = YES;
				ONLY_ACTIVE_ARCH = YES;
				SDKROOT = iphoneos;
				SWIFT_ACTIVE_COMPILATION_CONDITIONS = "DEBUG $(inherited)";
				SWIFT_OPTIMIZATION_LEVEL = "-Onone";
			};
			name = Debug;
		};
		E69663332AC7E543000E3AC4 /* Release */ = {
			isa = XCBuildConfiguration;
			buildSettings = {
				ALWAYS_SEARCH_USER_PATHS = NO;
				ASSETCATALOG_COMPILER_GENERATE_SWIFT_ASSET_SYMBOL_EXTENSIONS = YES;
				CLANG_ANALYZER_NONNULL = YES;
				CLANG_ANALYZER_NUMBER_OBJECT_CONVERSION = YES_AGGRESSIVE;
				CLANG_CXX_LANGUAGE_STANDARD = "gnu++20";
				CLANG_ENABLE_MODULES = YES;
				CLANG_ENABLE_OBJC_ARC = YES;
				CLANG_ENABLE_OBJC_WEAK = YES;
				CLANG_WARN_BLOCK_CAPTURE_AUTORELEASING = YES;
				CLANG_WARN_BOOL_CONVERSION = YES;
				CLANG_WARN_COMMA = YES;
				CLANG_WARN_CONSTANT_CONVERSION = YES;
				CLANG_WARN_DEPRECATED_OBJC_IMPLEMENTATIONS = YES;
				CLANG_WARN_DIRECT_OBJC_ISA_USAGE = YES_ERROR;
				CLANG_WARN_DOCUMENTATION_COMMENTS = YES;
				CLANG_WARN_EMPTY_BODY = YES;
				CLANG_WARN_ENUM_CONVERSION = YES;
				CLANG_WARN_INFINITE_RECURSION = YES;
				CLANG_WARN_INT_CONVERSION = YES;
				CLANG_WARN_NON_LITERAL_NULL_CONVERSION = YES;
				CLANG_WARN_OBJC_IMPLICIT_RETAIN_SELF = YES;
				CLANG_WARN_OBJC_LITERAL_CONVERSION = YES;
				CLANG_WARN_OBJC_ROOT_CLASS = YES_ERROR;
				CLANG_WARN_QUOTED_INCLUDE_IN_FRAMEWORK_HEADER = YES;
				CLANG_WARN_RANGE_LOOP_ANALYSIS = YES;
				CLANG_WARN_STRICT_PROTOTYPES = YES;
				CLANG_WARN_SUSPICIOUS_MOVE = YES;
				CLANG_WARN_UNGUARDED_AVAILABILITY = YES_AGGRESSIVE;
				CLANG_WARN_UNREACHABLE_CODE = YES;
				CLANG_WARN__DUPLICATE_METHOD_MATCH = YES;
				COPY_PHASE_STRIP = NO;
				DEBUG_INFORMATION_FORMAT = "dwarf-with-dsym";
				ENABLE_NS_ASSERTIONS = NO;
				ENABLE_STRICT_OBJC_MSGSEND = YES;
				ENABLE_USER_SCRIPT_SANDBOXING = YES;
				GCC_C_LANGUAGE_STANDARD = gnu17;
				GCC_NO_COMMON_BLOCKS = YES;
				GCC_WARN_64_TO_32_BIT_CONVERSION = YES;
				GCC_WARN_ABOUT_RETURN_TYPE = YES_ERROR;
				GCC_WARN_UNDECLARED_SELECTOR = YES;
				GCC_WARN_UNINITIALIZED_AUTOS = YES_AGGRESSIVE;
				GCC_WARN_UNUSED_FUNCTION = YES;
				GCC_WARN_UNUSED_VARIABLE = YES;
				IPHONEOS_DEPLOYMENT_TARGET = 17.0;
				LOCALIZATION_PREFERS_STRING_CATALOGS = YES;
				MTL_ENABLE_DEBUG_INFO = NO;
				MTL_FAST_MATH = YES;
				SDKROOT = iphoneos;
				SWIFT_COMPILATION_MODE = wholemodule;
				VALIDATE_PRODUCT = YES;
			};
			name = Release;
		};
		E69663352AC7E543000E3AC4 /* Debug */ = {
			isa = XCBuildConfiguration;
			baseConfigurationReference = 41DD1337423A2FAB6FBFD18A /* Pods-Practical_Unlimit.debug.xcconfig */;
			buildSettings = {
				ASSETCATALOG_COMPILER_APPICON_NAME = AppIcon;
				ASSETCATALOG_COMPILER_GLOBAL_ACCENT_COLOR_NAME = AccentColor;
				CODE_SIGN_STYLE = Manual;
				CURRENT_PROJECT_VERSION = 1;
				DEVELOPMENT_TEAM = "";
				ENABLE_USER_SCRIPT_SANDBOXING = NO;
				GENERATE_INFOPLIST_FILE = YES;
				INFOPLIST_FILE = "$(SRCROOT)/Practical_Unlimit/Common/Plist File/Info.plist";
				INFOPLIST_KEY_CFBundleDisplayName = "Practical Unlimit";
				INFOPLIST_KEY_UIApplicationSupportsIndirectInputEvents = YES;
				INFOPLIST_KEY_UILaunchStoryboardName = LaunchScreen;
				INFOPLIST_KEY_UIMainStoryboardFile = Main;
				INFOPLIST_KEY_UISupportedInterfaceOrientations = UIInterfaceOrientationPortrait;
				INFOPLIST_KEY_UISupportedInterfaceOrientations_iPad = "UIInterfaceOrientationLandscapeLeft UIInterfaceOrientationLandscapeRight UIInterfaceOrientationPortrait";
				IPHONEOS_DEPLOYMENT_TARGET = 13.0;
				LD_RUNPATH_SEARCH_PATHS = (
					"$(inherited)",
					"@executable_path/Frameworks",
				);
				MARKETING_VERSION = 1.0;
				PRODUCT_BUNDLE_IDENTIFIER = "com.Practical-Unlimit";
				PRODUCT_NAME = "$(TARGET_NAME)";
				PROVISIONING_PROFILE_SPECIFIER = "";
				SUPPORTED_PLATFORMS = "iphoneos iphonesimulator";
				SUPPORTS_MACCATALYST = NO;
				SUPPORTS_MAC_DESIGNED_FOR_IPHONE_IPAD = NO;
				SWIFT_EMIT_LOC_STRINGS = YES;
				SWIFT_VERSION = 5.0;
				TARGETED_DEVICE_FAMILY = 1;
			};
			name = Debug;
		};
		E69663362AC7E543000E3AC4 /* Release */ = {
			isa = XCBuildConfiguration;
			baseConfigurationReference = F638C2214CE22BB22A87488B /* Pods-Practical_Unlimit.release.xcconfig */;
			buildSettings = {
				ASSETCATALOG_COMPILER_APPICON_NAME = AppIcon;
				ASSETCATALOG_COMPILER_GLOBAL_ACCENT_COLOR_NAME = AccentColor;
				CODE_SIGN_STYLE = Manual;
				CURRENT_PROJECT_VERSION = 1;
				DEVELOPMENT_TEAM = "";
				ENABLE_USER_SCRIPT_SANDBOXING = NO;
				GENERATE_INFOPLIST_FILE = YES;
				INFOPLIST_FILE = "$(SRCROOT)/Practical_Unlimit/Common/Plist File/Info.plist";
				INFOPLIST_KEY_CFBundleDisplayName = "Practical Unlimit";
				INFOPLIST_KEY_UIApplicationSupportsIndirectInputEvents = YES;
				INFOPLIST_KEY_UILaunchStoryboardName = LaunchScreen;
				INFOPLIST_KEY_UIMainStoryboardFile = Main;
				INFOPLIST_KEY_UISupportedInterfaceOrientations = UIInterfaceOrientationPortrait;
				INFOPLIST_KEY_UISupportedInterfaceOrientations_iPad = "UIInterfaceOrientationLandscapeLeft UIInterfaceOrientationLandscapeRight UIInterfaceOrientationPortrait";
				IPHONEOS_DEPLOYMENT_TARGET = 13.0;
				LD_RUNPATH_SEARCH_PATHS = (
					"$(inherited)",
					"@executable_path/Frameworks",
				);
				MARKETING_VERSION = 1.0;
				PRODUCT_BUNDLE_IDENTIFIER = "com.Practical-Unlimit";
				PRODUCT_NAME = "$(TARGET_NAME)";
				PROVISIONING_PROFILE_SPECIFIER = "";
				SUPPORTED_PLATFORMS = "iphoneos iphonesimulator";
				SUPPORTS_MACCATALYST = NO;
				SUPPORTS_MAC_DESIGNED_FOR_IPHONE_IPAD = NO;
				SWIFT_EMIT_LOC_STRINGS = YES;
				SWIFT_VERSION = 5.0;
				TARGETED_DEVICE_FAMILY = 1;
			};
			name = Release;
		};
		E69663382AC7E543000E3AC4 /* Debug */ = {
			isa = XCBuildConfiguration;
			buildSettings = {
				ALWAYS_EMBED_SWIFT_STANDARD_LIBRARIES = YES;
				BUNDLE_LOADER = "$(TEST_HOST)";
				CODE_SIGN_STYLE = Manual;
				CURRENT_PROJECT_VERSION = 1;
				DEVELOPMENT_TEAM = "";
				GENERATE_INFOPLIST_FILE = YES;
				IPHONEOS_DEPLOYMENT_TARGET = 13.0;
				MARKETING_VERSION = 1.0;
				PRODUCT_BUNDLE_IDENTIFIER = "com.Practical-UnlimitTests";
				PRODUCT_NAME = "$(TARGET_NAME)";
				PROVISIONING_PROFILE_SPECIFIER = "";
				SUPPORTED_PLATFORMS = "iphoneos iphonesimulator";
				SUPPORTS_MACCATALYST = NO;
				SUPPORTS_MAC_DESIGNED_FOR_IPHONE_IPAD = NO;
				SWIFT_EMIT_LOC_STRINGS = NO;
				SWIFT_VERSION = 5.0;
				TARGETED_DEVICE_FAMILY = 1;
				TEST_HOST = "$(BUILT_PRODUCTS_DIR)/Practical_Unlimit.app/$(BUNDLE_EXECUTABLE_FOLDER_PATH)/Practical_Unlimit";
			};
			name = Debug;
		};
		E69663392AC7E543000E3AC4 /* Release */ = {
			isa = XCBuildConfiguration;
			buildSettings = {
				ALWAYS_EMBED_SWIFT_STANDARD_LIBRARIES = YES;
				BUNDLE_LOADER = "$(TEST_HOST)";
				CODE_SIGN_STYLE = Manual;
				CURRENT_PROJECT_VERSION = 1;
				DEVELOPMENT_TEAM = "";
				GENERATE_INFOPLIST_FILE = YES;
				IPHONEOS_DEPLOYMENT_TARGET = 13.0;
				MARKETING_VERSION = 1.0;
				PRODUCT_BUNDLE_IDENTIFIER = "com.Practical-UnlimitTests";
				PRODUCT_NAME = "$(TARGET_NAME)";
				PROVISIONING_PROFILE_SPECIFIER = "";
				SUPPORTED_PLATFORMS = "iphoneos iphonesimulator";
				SUPPORTS_MACCATALYST = NO;
				SUPPORTS_MAC_DESIGNED_FOR_IPHONE_IPAD = NO;
				SWIFT_EMIT_LOC_STRINGS = NO;
				SWIFT_VERSION = 5.0;
				TARGETED_DEVICE_FAMILY = 1;
				TEST_HOST = "$(BUILT_PRODUCTS_DIR)/Practical_Unlimit.app/$(BUNDLE_EXECUTABLE_FOLDER_PATH)/Practical_Unlimit";
			};
			name = Release;
		};
		E696633B2AC7E543000E3AC4 /* Debug */ = {
			isa = XCBuildConfiguration;
			buildSettings = {
				ALWAYS_EMBED_SWIFT_STANDARD_LIBRARIES = YES;
				CODE_SIGN_STYLE = Manual;
				CURRENT_PROJECT_VERSION = 1;
				DEVELOPMENT_TEAM = "";
				GENERATE_INFOPLIST_FILE = YES;
				IPHONEOS_DEPLOYMENT_TARGET = 13.0;
				MARKETING_VERSION = 1.0;
				PRODUCT_BUNDLE_IDENTIFIER = "com.Practical-UnlimitUITests";
				PRODUCT_NAME = "$(TARGET_NAME)";
				PROVISIONING_PROFILE_SPECIFIER = "";
				SUPPORTED_PLATFORMS = "iphoneos iphonesimulator";
				SUPPORTS_MACCATALYST = NO;
				SUPPORTS_MAC_DESIGNED_FOR_IPHONE_IPAD = NO;
				SWIFT_EMIT_LOC_STRINGS = NO;
				SWIFT_VERSION = 5.0;
				TARGETED_DEVICE_FAMILY = 1;
				TEST_TARGET_NAME = Practical_Unlimit;
			};
			name = Debug;
		};
		E696633C2AC7E543000E3AC4 /* Release */ = {
			isa = XCBuildConfiguration;
			buildSettings = {
				ALWAYS_EMBED_SWIFT_STANDARD_LIBRARIES = YES;
				CODE_SIGN_STYLE = Manual;
				CURRENT_PROJECT_VERSION = 1;
				DEVELOPMENT_TEAM = "";
				GENERATE_INFOPLIST_FILE = YES;
				IPHONEOS_DEPLOYMENT_TARGET = 13.0;
				MARKETING_VERSION = 1.0;
				PRODUCT_BUNDLE_IDENTIFIER = "com.Practical-UnlimitUITests";
				PRODUCT_NAME = "$(TARGET_NAME)";
				PROVISIONING_PROFILE_SPECIFIER = "";
				SUPPORTED_PLATFORMS = "iphoneos iphonesimulator";
				SUPPORTS_MACCATALYST = NO;
				SUPPORTS_MAC_DESIGNED_FOR_IPHONE_IPAD = NO;
				SWIFT_EMIT_LOC_STRINGS = NO;
				SWIFT_VERSION = 5.0;
				TARGETED_DEVICE_FAMILY = 1;
				TEST_TARGET_NAME = Practical_Unlimit;
			};
			name = Release;
		};
/* End XCBuildConfiguration section */

/* Begin XCConfigurationList section */
		E69663052AC7E53C000E3AC4 /* Build configuration list for PBXProject "Practical_Unlimit" */ = {
			isa = XCConfigurationList;
			buildConfigurations = (
				E69663322AC7E543000E3AC4 /* Debug */,
				E69663332AC7E543000E3AC4 /* Release */,
			);
			defaultConfigurationIsVisible = 0;
			defaultConfigurationName = Release;
		};
		E69663342AC7E543000E3AC4 /* Build configuration list for PBXNativeTarget "Practical_Unlimit" */ = {
			isa = XCConfigurationList;
			buildConfigurations = (
				E69663352AC7E543000E3AC4 /* Debug */,
				E69663362AC7E543000E3AC4 /* Release */,
			);
			defaultConfigurationIsVisible = 0;
			defaultConfigurationName = Release;
		};
		E69663372AC7E543000E3AC4 /* Build configuration list for PBXNativeTarget "Practical_UnlimitTests" */ = {
			isa = XCConfigurationList;
			buildConfigurations = (
				E69663382AC7E543000E3AC4 /* Debug */,
				E69663392AC7E543000E3AC4 /* Release */,
			);
			defaultConfigurationIsVisible = 0;
			defaultConfigurationName = Release;
		};
		E696633A2AC7E543000E3AC4 /* Build configuration list for PBXNativeTarget "Practical_UnlimitUITests" */ = {
			isa = XCConfigurationList;
			buildConfigurations = (
				E696633B2AC7E543000E3AC4 /* Debug */,
				E696633C2AC7E543000E3AC4 /* Release */,
			);
			defaultConfigurationIsVisible = 0;
			defaultConfigurationName = Release;
		};
/* End XCConfigurationList section */
	};
	rootObject = E69663022AC7E53C000E3AC4 /* Project object */;
}
